
Microsoft Visual Studio Solution File, Format Version 12.00
Project("{FAE04EC0-301F-11D3-BF4B-00C04F79EFBC}") = "MailinatorProxy.API", "src\MailinatorProxy.API\MailinatorProxy.API.csproj", "{D5E35E59-9979-4620-8116-6A37AA9FBD00}"
EndProject
Project("{FAE04EC0-301F-11D3-BF4B-00C04F79EFBC}") = "MailinatorProxy.Web", "MailinatorProxy.Web\MailinatorProxy.Web.csproj", "{EFB67587-DF06-452E-A8D2-6AD33AC21213}"
EndProject
Global
	GlobalSection(SolutionConfigurationPlatforms) = preSolution
		Debug|Any CPU = Debug|Any CPU
		Release|Any CPU = Release|Any CPU
	EndGlobalSection
	GlobalSection(ProjectConfigurationPlatforms) = postSolution
		{D5E35E59-9979-4620-8116-6A37AA9FBD00}.Debug|Any CPU.ActiveCfg = Debug|Any CPU
		{D5E35E59-9979-4620-8116-6A37AA9FBD00}.Debug|Any CPU.Build.0 = Debug|Any CPU
		{D5E35E59-9979-4620-8116-6A37AA9FBD00}.Release|Any CPU.ActiveCfg = Release|Any CPU
		{D5E35E59-9979-4620-8116-6A37AA9FBD00}.Release|Any CPU.Build.0 = Release|Any CPU
		{EFB67587-DF06-452E-A8D2-6AD33AC21213}.Debug|Any CPU.ActiveCfg = Debug|Any CPU
		{EFB67587-DF06-452E-A8D2-6AD33AC21213}.Debug|Any CPU.Build.0 = Debug|Any CPU
		{EFB67587-DF06-452E-A8D2-6AD33AC21213}.Release|Any CPU.ActiveCfg = Release|Any CPU
		{EFB67587-DF06-452E-A8D2-6AD33AC21213}.Release|Any CPU.Build.0 = Release|Any CPU
	EndGlobalSection
EndGlobal
